# THIS IS AN AUTOGENERATED FILE. DO NOT EDIT THIS FILE DIRECTLY.
# yarn lockfile v1


react-hook-form@^7.9.0:
  version "7.9.0"
  resolved "https://registry.yarnpkg.com/react-hook-form/-/react-hook-form-7.9.0.tgz#0b5ed2f262a1e3cc64cfcf855f09a6e236d46ac3"
  integrity sha512-1SazsTvsC5A4jLxc8fIf0bB92kEp4MGjP69k8s+2nI1spHPha5UkLwaebOXhO9vY95aGqcyBU67pRiv+6T5KZQ==
